{
  "lockfileVersion": 1,
  "workspaces": {
    "": {
      "name": "rip",
      "devDependencies": {
        "@biomejs/biome": "^1.5.3",
      },
    },
    "examples/blog": {
      "name": "blog-example",
      "version": "1.0.0",
      "dependencies": {
        "@faker-js/faker": "^8.3.1",
        "@rip/schema": "workspace:*",
        "drizzle-orm": "^0.29.1",
        "hono": "^3.11.7",
      },
    },
    "examples/hello": {
      "name": "hello-example",
      "version": "1.0.0",
      "dependencies": {
        "hono": "^3.11.7",
      },
    },
    "examples/legal": {
      "name": "legal-example",
      "version": "1.0.0",
      "dependencies": {
        "@faker-js/faker": "^9.9.0",
        "@hono/zod-validator": "^0.7.2",
        "@rip/schema": "workspace:*",
        "drizzle-orm": "^0.44.4",
        "hono": "^3.11.7",
        "zod": "^4.0.14",
      },
      "devDependencies": {
        "@types/bun": "^1.2.19",
      },
    },
    "examples/medical": {
      "name": "medical-example",
      "version": "1.0.0",
      "dependencies": {
        "@rip/schema": "workspace:*",
      },
    },
    "examples/users": {
      "name": "users-example",
      "version": "1.0.0",
      "dependencies": {
        "hono": "^3.11.7",
      },
    },
    "packages/parser": {
      "name": "@rip/parser",
      "version": "1.0.0",
    },
    "packages/schema": {
      "name": "@rip/schema",
      "version": "0.1.0",
      "bin": {
        "rip-schema": "./rip-schema.ts",
      },
      "dependencies": {
        "bun": "*",
        "drizzle-orm": "^0.29.1",
      },
      "devDependencies": {
        "@types/bun": "latest",
      },
      "peerDependencies": {
        "typescript": "^5.0.0",
      },
    },
    "packages/server": {
      "name": "rip-application-server",
      "version": "2.0.0",
      "dependencies": {
        "hono": "^4.8.12",
      },
      "devDependencies": {
        "@types/bun": "^1.2.19",
      },
    },
  },
  "packages": {
    "@biomejs/biome": ["@biomejs/biome@1.9.4", "", { "optionalDependencies": { "@biomejs/cli-darwin-arm64": "1.9.4", "@biomejs/cli-darwin-x64": "1.9.4", "@biomejs/cli-linux-arm64": "1.9.4", "@biomejs/cli-linux-arm64-musl": "1.9.4", "@biomejs/cli-linux-x64": "1.9.4", "@biomejs/cli-linux-x64-musl": "1.9.4", "@biomejs/cli-win32-arm64": "1.9.4", "@biomejs/cli-win32-x64": "1.9.4" }, "bin": { "biome": "bin/biome" } }, "sha512-1rkd7G70+o9KkTn5KLmDYXihGoTaIGO9PIIN2ZB7UJxFrWw04CZHPYiMRjYsaDvVV7hP1dYNRLxSANLaBFGpog=="],

    "@biomejs/cli-darwin-arm64": ["@biomejs/cli-darwin-arm64@1.9.4", "", { "os": "darwin", "cpu": "arm64" }, "sha512-bFBsPWrNvkdKrNCYeAp+xo2HecOGPAy9WyNyB/jKnnedgzl4W4Hb9ZMzYNbf8dMCGmUdSavlYHiR01QaYR58cw=="],

    "@biomejs/cli-darwin-x64": ["@biomejs/cli-darwin-x64@1.9.4", "", { "os": "darwin", "cpu": "x64" }, "sha512-ngYBh/+bEedqkSevPVhLP4QfVPCpb+4BBe2p7Xs32dBgs7rh9nY2AIYUL6BgLw1JVXV8GlpKmb/hNiuIxfPfZg=="],

    "@biomejs/cli-linux-arm64": ["@biomejs/cli-linux-arm64@1.9.4", "", { "os": "linux", "cpu": "arm64" }, "sha512-fJIW0+LYujdjUgJJuwesP4EjIBl/N/TcOX3IvIHJQNsAqvV2CHIogsmA94BPG6jZATS4Hi+xv4SkBBQSt1N4/g=="],

    "@biomejs/cli-linux-arm64-musl": ["@biomejs/cli-linux-arm64-musl@1.9.4", "", { "os": "linux", "cpu": "arm64" }, "sha512-v665Ct9WCRjGa8+kTr0CzApU0+XXtRgwmzIf1SeKSGAv+2scAlW6JR5PMFo6FzqqZ64Po79cKODKf3/AAmECqA=="],

    "@biomejs/cli-linux-x64": ["@biomejs/cli-linux-x64@1.9.4", "", { "os": "linux", "cpu": "x64" }, "sha512-lRCJv/Vi3Vlwmbd6K+oQ0KhLHMAysN8lXoCI7XeHlxaajk06u7G+UsFSO01NAs5iYuWKmVZjmiOzJ0OJmGsMwg=="],

    "@biomejs/cli-linux-x64-musl": ["@biomejs/cli-linux-x64-musl@1.9.4", "", { "os": "linux", "cpu": "x64" }, "sha512-gEhi/jSBhZ2m6wjV530Yy8+fNqG8PAinM3oV7CyO+6c3CEh16Eizm21uHVsyVBEB6RIM8JHIl6AGYCv6Q6Q9Tg=="],

    "@biomejs/cli-win32-arm64": ["@biomejs/cli-win32-arm64@1.9.4", "", { "os": "win32", "cpu": "arm64" }, "sha512-tlbhLk+WXZmgwoIKwHIHEBZUwxml7bRJgk0X2sPyNR3S93cdRq6XulAZRQJ17FYGGzWne0fgrXBKpl7l4M87Hg=="],

    "@biomejs/cli-win32-x64": ["@biomejs/cli-win32-x64@1.9.4", "", { "os": "win32", "cpu": "x64" }, "sha512-8Y5wMhVIPaWe6jw2H+KlEm4wP/f7EW3810ZLmDlrEEy5KvBsb9ECEfu/kMWD484ijfQ8+nIi0giMgu9g1UAuuA=="],

    "@faker-js/faker": ["@faker-js/faker@8.4.1", "", {}, "sha512-XQ3cU+Q8Uqmrbf2e0cIC/QN43sTBSC8KF12u29Mb47tWrt2hAgBXSgpZMj4Ao8Uk0iJcU99QsOCaIL8934obCg=="],

    "@hono/zod-validator": ["@hono/zod-validator@0.7.2", "", { "peerDependencies": { "hono": ">=3.9.0", "zod": "^3.25.0 || ^4.0.0" } }, "sha512-ub5eL/NeZ4eLZawu78JpW/J+dugDAYhwqUIdp9KYScI6PZECij4Hx4UsrthlEUutqDDhPwRI0MscUfNkvn/mqQ=="],

    "@oven/bun-darwin-aarch64": ["@oven/bun-darwin-aarch64@1.2.19", "", { "os": "darwin", "cpu": "arm64" }, "sha512-pJBuez9gwR03Wjtk4hSSBA6QgNdhvPLbrxU4DDzVY8Ee+Q67xNkU0CMK6rFdQF8Qetj2R+Vf8AJDlwAc1QdG1w=="],

    "@oven/bun-darwin-x64": ["@oven/bun-darwin-x64@1.2.19", "", { "os": "darwin", "cpu": "x64" }, "sha512-dsgmgDOG++JsQ3wXEyTiUzhT/4wqcnAxfCQOPho6LgosVUPs6etn01uA1yCySjSk8DrugQIivXB2TaqoOrhKJg=="],

    "@oven/bun-darwin-x64-baseline": ["@oven/bun-darwin-x64-baseline@1.2.19", "", { "os": "darwin", "cpu": "x64" }, "sha512-fOqbLeP3MoSbeosykTp1+BYSKDJxdjWKyxbPqHTJK2Mnt78+LPTE2yQbCzUL5LBLSRVkIxbTyIcEZxVg3eJmYg=="],

    "@oven/bun-linux-aarch64": ["@oven/bun-linux-aarch64@1.2.19", "", { "os": "linux", "cpu": "arm64" }, "sha512-G4WYbvpfrR5dLBZQoNmYzt8DBguMpPeCz6feU3Qv9E6NmA3xiqyItyDAVgDJrllPk6hvbMi9dYNxXn0NVTjMfw=="],

    "@oven/bun-linux-aarch64-musl": ["@oven/bun-linux-aarch64-musl@1.2.19", "", { "os": "linux", "cpu": "none" }, "sha512-awB1ZEh7AbxXGemT/d33F6F4bwClWSFjhcatrweG5o5gh16c4pBKTldg/TUY9EEFrQJVyYQklgl/D919GDLTFA=="],

    "@oven/bun-linux-x64": ["@oven/bun-linux-x64@1.2.19", "", { "os": "linux", "cpu": "x64" }, "sha512-vGhkEtcaPQjizoVAo+1hsVTixarOWxVgwbYZHgoi/pGGIdWWBGNlWnIUQirOv8JVtCMnzkYqrPMHR3EqSvQoFg=="],

    "@oven/bun-linux-x64-baseline": ["@oven/bun-linux-x64-baseline@1.2.19", "", { "os": "linux", "cpu": "x64" }, "sha512-gMp1J9fZ1eOrCM0jQblCWRMiU9t3a+wyyHtb0DdHVZpgSdGJ5UpWATfTYFUbmckgVfCJ6Qo8YSMcmtxRtPYgww=="],

    "@oven/bun-linux-x64-musl": ["@oven/bun-linux-x64-musl@1.2.19", "", { "os": "linux", "cpu": "x64" }, "sha512-nUBP55pR8hpAZ9omKxkX1SmyEPcTL/ZMgnirC3BdFAec99uqijq8XEWWfSDAmpI8D428vjIhbafArmbutRR1VQ=="],

    "@oven/bun-linux-x64-musl-baseline": ["@oven/bun-linux-x64-musl-baseline@1.2.19", "", { "os": "linux", "cpu": "x64" }, "sha512-9NkUMndXwSyDiDOwCtYoxdXIqg+f30dVm0FwZOUJp8SSuhx8Vaadc5gzzC+A8cGie/IwVchWzJw+mWLStAM8HQ=="],

    "@oven/bun-windows-x64": ["@oven/bun-windows-x64@1.2.19", "", { "os": "win32", "cpu": "x64" }, "sha512-5OIPUl8fKT/tpxX6pOJUfoAR32k9YdmXbte0zwahIVhyjCyFh0HKQHbfSeJZYV2AzVWbnELszDLRRLnzVbzYSQ=="],

    "@oven/bun-windows-x64-baseline": ["@oven/bun-windows-x64-baseline@1.2.19", "", { "os": "win32", "cpu": "x64" }, "sha512-OiD1xoVQuj8JHbrDqCQE3sU5r8VIaB9cCDym7BTnnMQLYzZxYEWWvBub8fc/yK7ctuoAS6V+p74Qda6RhDRHpg=="],

    "@rip/parser": ["@rip/parser@workspace:packages/parser"],

    "@rip/schema": ["@rip/schema@workspace:packages/schema"],

    "@types/bun": ["@types/bun@1.2.19", "", { "dependencies": { "bun-types": "1.2.19" } }, "sha512-d9ZCmrH3CJ2uYKXQIUuZ/pUnTqIvLDS0SK7pFmbx8ma+ziH/FRMoAq5bYpRG7y+w1gl+HgyNZbtqgMq4W4e2Lg=="],

    "@types/node": ["@types/node@24.1.0", "", { "dependencies": { "undici-types": "~7.8.0" } }, "sha512-ut5FthK5moxFKH2T1CUOC6ctR67rQRvvHdFLCD2Ql6KXmMuCrjsSsRI9UsLCm9M18BMwClv4pn327UvB7eeO1w=="],

    "@types/react": ["@types/react@19.1.9", "", { "dependencies": { "csstype": "^3.0.2" } }, "sha512-WmdoynAX8Stew/36uTSVMcLJJ1KRh6L3IZRx1PZ7qJtBqT3dYTgyDTx8H1qoRghErydW7xw9mSJ3wS//tCRpFA=="],

    "blog-example": ["blog-example@workspace:examples/blog"],

    "bun": ["bun@1.2.19", "", { "optionalDependencies": { "@oven/bun-darwin-aarch64": "1.2.19", "@oven/bun-darwin-x64": "1.2.19", "@oven/bun-darwin-x64-baseline": "1.2.19", "@oven/bun-linux-aarch64": "1.2.19", "@oven/bun-linux-aarch64-musl": "1.2.19", "@oven/bun-linux-x64": "1.2.19", "@oven/bun-linux-x64-baseline": "1.2.19", "@oven/bun-linux-x64-musl": "1.2.19", "@oven/bun-linux-x64-musl-baseline": "1.2.19", "@oven/bun-windows-x64": "1.2.19", "@oven/bun-windows-x64-baseline": "1.2.19" }, "os": [ "linux", "win32", "darwin", ], "cpu": [ "x64", "arm64", ], "bin": { "bun": "bin/bun.exe", "bunx": "bin/bunx.exe" } }, "sha512-P70KUfH9cvgcl8Hjvamr98NinEatV23yX6qaY7z1+3rBPdds0oVX0u6FfrYnWc8F3ayFQ4do6/6xBLWY4itJkQ=="],

    "bun-types": ["bun-types@1.2.19", "", { "dependencies": { "@types/node": "*" }, "peerDependencies": { "@types/react": "^19" } }, "sha512-uAOTaZSPuYsWIXRpj7o56Let0g/wjihKCkeRqUBhlLVM/Bt+Fj9xTo+LhC1OV1XDaGkz4hNC80et5xgy+9KTHQ=="],

    "csstype": ["csstype@3.1.3", "", {}, "sha512-M1uQkMl8rQK/szD0LNhtqxIPLpimGm8sOBwU7lLnCpSbTyY3yeU1Vc7l4KT5zT4s/yOxHH5O7tIuuLOCnLADRw=="],

    "drizzle-orm": ["drizzle-orm@0.29.5", "", { "peerDependencies": { "@aws-sdk/client-rds-data": ">=3", "@cloudflare/workers-types": ">=3", "@libsql/client": "*", "@neondatabase/serverless": ">=0.1", "@opentelemetry/api": "^1.4.1", "@planetscale/database": ">=1", "@types/better-sqlite3": "*", "@types/pg": "*", "@types/react": ">=18", "@types/sql.js": "*", "@vercel/postgres": "*", "better-sqlite3": ">=7", "bun-types": "*", "expo-sqlite": ">=13.2.0", "knex": "*", "kysely": "*", "mysql2": ">=2", "pg": ">=8", "postgres": ">=3", "react": ">=18", "sql.js": ">=1", "sqlite3": ">=5" }, "optionalPeers": ["@aws-sdk/client-rds-data", "@cloudflare/workers-types", "@libsql/client", "@neondatabase/serverless", "@opentelemetry/api", "@planetscale/database", "@types/better-sqlite3", "@types/pg", "@types/react", "@types/sql.js", "@vercel/postgres", "better-sqlite3", "bun-types", "expo-sqlite", "knex", "kysely", "mysql2", "pg", "postgres", "react", "sql.js", "sqlite3"] }, "sha512-jS3+uyzTz4P0Y2CICx8FmRQ1eplURPaIMWDn/yq6k4ShRFj9V7vlJk67lSf2kyYPzQ60GkkNGXcJcwrxZ6QCRw=="],

    "hello-example": ["hello-example@workspace:examples/hello"],

    "hono": ["hono@3.12.12", "", {}, "sha512-5IAMJOXfpA5nT+K0MNjClchzz0IhBHs2Szl7WFAhrFOsbtQsYmNynFyJRg/a3IPsmCfxcrf8txUGiNShXpK5Rg=="],

    "legal-example": ["legal-example@workspace:examples/legal"],

    "medical-example": ["medical-example@workspace:examples/medical"],

    "rip-application-server": ["rip-application-server@workspace:packages/server"],

    "typescript": ["typescript@5.9.2", "", { "bin": { "tsc": "bin/tsc", "tsserver": "bin/tsserver" } }, "sha512-CWBzXQrc/qOkhidw1OzBTQuYRbfyxDXJMVJ1XNwUHGROVmuaeiEm3OslpZ1RV96d7SKKjZKrSJu3+t/xlw3R9A=="],

    "undici-types": ["undici-types@7.8.0", "", {}, "sha512-9UJ2xGDvQ43tYyVMpuHlsgApydB8ZKfVYTsLDhXkFL/6gfkp+U8xTGdh8pMJv1SpZna0zxG1DwsKZsreLbXBxw=="],

    "users-example": ["users-example@workspace:examples/users"],

    "zod": ["zod@4.0.14", "", {}, "sha512-nGFJTnJN6cM2v9kXL+SOBq3AtjQby3Mv5ySGFof5UGRHrRioSJ5iG680cYNjE/yWk671nROcpPj4hAS8nyLhSw=="],

    "legal-example/@faker-js/faker": ["@faker-js/faker@9.9.0", "", {}, "sha512-OEl393iCOoo/z8bMezRlJu+GlRGlsKbUAN7jKB6LhnKoqKve5DXRpalbItIIcwnCjs1k/FOPjFzcA6Qn+H+YbA=="],

    "legal-example/drizzle-orm": ["drizzle-orm@0.44.4", "", { "peerDependencies": { "@aws-sdk/client-rds-data": ">=3", "@cloudflare/workers-types": ">=4", "@electric-sql/pglite": ">=0.2.0", "@libsql/client": ">=0.10.0", "@libsql/client-wasm": ">=0.10.0", "@neondatabase/serverless": ">=0.10.0", "@op-engineering/op-sqlite": ">=2", "@opentelemetry/api": "^1.4.1", "@planetscale/database": ">=1.13", "@prisma/client": "*", "@tidbcloud/serverless": "*", "@types/better-sqlite3": "*", "@types/pg": "*", "@types/sql.js": "*", "@upstash/redis": ">=1.34.7", "@vercel/postgres": ">=0.8.0", "@xata.io/client": "*", "better-sqlite3": ">=7", "bun-types": "*", "expo-sqlite": ">=14.0.0", "gel": ">=2", "knex": "*", "kysely": "*", "mysql2": ">=2", "pg": ">=8", "postgres": ">=3", "sql.js": ">=1", "sqlite3": ">=5" }, "optionalPeers": ["@aws-sdk/client-rds-data", "@cloudflare/workers-types", "@electric-sql/pglite", "@libsql/client", "@libsql/client-wasm", "@neondatabase/serverless", "@op-engineering/op-sqlite", "@opentelemetry/api", "@planetscale/database", "@prisma/client", "@tidbcloud/serverless", "@types/better-sqlite3", "@types/pg", "@types/sql.js", "@upstash/redis", "@vercel/postgres", "@xata.io/client", "better-sqlite3", "bun-types", "expo-sqlite", "gel", "knex", "kysely", "mysql2", "pg", "postgres", "sql.js", "sqlite3"] }, "sha512-ZyzKFpTC/Ut3fIqc2c0dPZ6nhchQXriTsqTNs4ayRgl6sZcFlMs9QZKPSHXK4bdOf41GHGWf+FrpcDDYwW+W6Q=="],

    "rip-application-server/hono": ["hono@4.8.12", "", {}, "sha512-MQSKk1Mg7b74k8l+A025LfysnLtXDKkE4pLaSsYRQC5iy85lgZnuyeQ1Wynair9mmECzoLu+FtJtqNZSoogBDQ=="],
  }
}
