{
  "lockfileVersion": 1,
  "workspaces": {
    "": {
      "name": "rip-lang",
      "dependencies": {
        "bun-coffeescript": "^1.0.3",
      },
      "devDependencies": {
        "coffeescript": "^2.7.0",
        "prettier": "^3.0.0",
      },
    },
  },
  "trustedDependencies": [
    "coffeescript",
  ],
  "packages": {
    "bun-coffeescript": ["bun-coffeescript@1.0.3", "", { "dependencies": { "coffeescript": "^2.7.0" } }, "sha512-UEnyRtQXvlQOLmmr0gVewl+mo1WnjMPZqo4hdZQc5+pADzCaDEanBi4m4PYW7tDZRJOzf9jnIBWXsR+lfoVTVw=="],

    "coffeescript": ["coffeescript@2.7.0", "", { "bin": { "coffee": "bin/coffee", "cake": "bin/cake" } }, "sha512-hzWp6TUE2d/jCcN67LrW1eh5b/rSDKQK6oD6VMLlggYVUUFexgTH9z3dNYihzX4RMhze5FTUsUmOXViJKFQR/A=="],

    "prettier": ["prettier@3.6.2", "", { "bin": { "prettier": "bin/prettier.cjs" } }, "sha512-I7AIg5boAr5R0FFtJ6rCfD+LFsWHp81dolrFD8S79U9tb8Az2nGrJncnMSnys+bpQJfRUzqs9hnA81OAA3hCuQ=="],
  }
}
