{
  "lockfileVersion": 1,
  "configVersion": 1,
  "workspaces": {
    "": {
      "name": "print",
      "dependencies": {
        "highlight.js": "11.12.0",
      },
    },
  },
  "packages": {
    "highlight.js": ["highlight.js@11.12.0", "", {}, "sha512-nbfWpyRMcMrPMmDwJB+dhX/eiaPKtc2RB+0QZskqJ3WjRA/FDS0e9hZrx8EC/lbEv8gXy98FcDbNa/dspAaJMg=="],
  }
}
