{
  "lockfileVersion": 1,
  "configVersion": 1,
  "workspaces": {
    "": {
      "name": "@rip-lang/time",
      "devDependencies": {
        "dayjs": "1.11.20",
      },
    },
  },
  "packages": {
    "dayjs": ["dayjs@1.11.20", "", {}, "sha512-YbwwqR/uYpeoP4pu043q+LTDLFBLApUP6VxRihdfNTqu4ubqMlGDLd6ErXhEgsyvY0K6nCs7nggYumAN+9uEuQ=="],
  }
}
